
Microsoft Visual Studio Solution File, Format Version 12.00
# Visual Studio 15
VisualStudioVersion = 15.0.28307.852
MinimumVisualStudioVersion = 10.0.40219.1
Project("{FAE04EC0-301F-11D3-BF4B-00C04F79EFBC}") = "MultiConnections", "MultiConnections\MultiConnections.csproj", "{DB1AB153-940C-4DEE-9DEF-6E2AA915EE9B}"
EndProject
Global
	GlobalSection(SolutionConfigurationPlatforms) = preSolution
		Debug|Any CPU = Debug|Any CPU
		Release|Any CPU = Release|Any CPU
	EndGlobalSection
	GlobalSection(ProjectConfigurationPlatforms) = postSolution
		{DB1AB153-940C-4DEE-9DEF-6E2AA915EE9B}.Debug|Any CPU.ActiveCfg = Debug|Any CPU
		{DB1AB153-940C-4DEE-9DEF-6E2AA915EE9B}.Debug|Any CPU.Build.0 = Debug|Any CPU
		{DB1AB153-940C-4DEE-9DEF-6E2AA915EE9B}.Release|Any CPU.ActiveCfg = Release|Any CPU
		{DB1AB153-940C-4DEE-9DEF-6E2AA915EE9B}.Release|Any CPU.Build.0 = Release|Any CPU
	EndGlobalSection
	GlobalSection(SolutionProperties) = preSolution
		HideSolutionNode = FALSE
	EndGlobalSection
	GlobalSection(ExtensibilityGlobals) = postSolution
		SolutionGuid = {F1461390-C2B1-4CBD-AD65-94B48D8E8F16}
	EndGlobalSection
EndGlobal
