
Microsoft Visual Studio Solution File, Format Version 12.00
# Visual Studio 15
VisualStudioVersion = 15.0.28307.852
MinimumVisualStudioVersion = 10.0.40219.1
Project("{FAE04EC0-301F-11D3-BF4B-00C04F79EFBC}") = "TCPClient", "TCPClient\TCPClient.csproj", "{FF8C92CF-DB62-4373-B830-3834A2CE6173}"
EndProject
Global
	GlobalSection(SolutionConfigurationPlatforms) = preSolution
		Debug|Any CPU = Debug|Any CPU
		Release|Any CPU = Release|Any CPU
	EndGlobalSection
	GlobalSection(ProjectConfigurationPlatforms) = postSolution
		{FF8C92CF-DB62-4373-B830-3834A2CE6173}.Debug|Any CPU.ActiveCfg = Debug|Any CPU
		{FF8C92CF-DB62-4373-B830-3834A2CE6173}.Debug|Any CPU.Build.0 = Debug|Any CPU
		{FF8C92CF-DB62-4373-B830-3834A2CE6173}.Release|Any CPU.ActiveCfg = Release|Any CPU
		{FF8C92CF-DB62-4373-B830-3834A2CE6173}.Release|Any CPU.Build.0 = Release|Any CPU
	EndGlobalSection
	GlobalSection(SolutionProperties) = preSolution
		HideSolutionNode = FALSE
	EndGlobalSection
	GlobalSection(ExtensibilityGlobals) = postSolution
		SolutionGuid = {7E7FF1B1-5010-4A0D-9E7F-247EFDC3B99D}
	EndGlobalSection
EndGlobal
